
Microsoft Visual Studio Solution File, Format Version 12.00
# Visual Studio Version 17
VisualStudioVersion = 17.3.32929.385
MinimumVisualStudioVersion = 10.0.40219.1
Project("{9A19103F-16F7-4668-BE54-9A1E7A4F7556}") = "Merca_Darius_Lab2", "Merca_Darius_Lab2.csproj", "{4DE8E525-617E-4B8E-BA7C-3ED408694CF7}"
EndProject
Project("{9A19103F-16F7-4668-BE54-9A1E7A4F7556}") = "LibraryModel", "..\..\lb7\Merca_Darius_Lab2\LibraryModel\LibraryModel.csproj", "{82CD7FD8-2519-4F53-9C97-313A6F434A8B}"
EndProject
Project("{9A19103F-16F7-4668-BE54-9A1E7A4F7556}") = "LibraryWebAPI", "..\..\lb7\Merca_Darius_Lab2\LibraryWebAPI\LibraryWebAPI.csproj", "{C5542275-95EE-4135-848A-8D9717312868}"
EndProject
Global
	GlobalSection(SolutionConfigurationPlatforms) = preSolution
		Debug|Any CPU = Debug|Any CPU
		Release|Any CPU = Release|Any CPU
	EndGlobalSection
	GlobalSection(ProjectConfigurationPlatforms) = postSolution
		{4DE8E525-617E-4B8E-BA7C-3ED408694CF7}.Debug|Any CPU.ActiveCfg = Debug|Any CPU
		{4DE8E525-617E-4B8E-BA7C-3ED408694CF7}.Debug|Any CPU.Build.0 = Debug|Any CPU
		{4DE8E525-617E-4B8E-BA7C-3ED408694CF7}.Release|Any CPU.ActiveCfg = Release|Any CPU
		{4DE8E525-617E-4B8E-BA7C-3ED408694CF7}.Release|Any CPU.Build.0 = Release|Any CPU
		{82CD7FD8-2519-4F53-9C97-313A6F434A8B}.Debug|Any CPU.ActiveCfg = Debug|Any CPU
		{82CD7FD8-2519-4F53-9C97-313A6F434A8B}.Debug|Any CPU.Build.0 = Debug|Any CPU
		{82CD7FD8-2519-4F53-9C97-313A6F434A8B}.Release|Any CPU.ActiveCfg = Release|Any CPU
		{82CD7FD8-2519-4F53-9C97-313A6F434A8B}.Release|Any CPU.Build.0 = Release|Any CPU
		{C5542275-95EE-4135-848A-8D9717312868}.Debug|Any CPU.ActiveCfg = Debug|Any CPU
		{C5542275-95EE-4135-848A-8D9717312868}.Debug|Any CPU.Build.0 = Debug|Any CPU
		{C5542275-95EE-4135-848A-8D9717312868}.Release|Any CPU.ActiveCfg = Release|Any CPU
		{C5542275-95EE-4135-848A-8D9717312868}.Release|Any CPU.Build.0 = Release|Any CPU
	EndGlobalSection
	GlobalSection(SolutionProperties) = preSolution
		HideSolutionNode = FALSE
	EndGlobalSection
	GlobalSection(ExtensibilityGlobals) = postSolution
		SolutionGuid = {8E59E729-F15D-491D-9ECF-AEADF676CE2E}
	EndGlobalSection
EndGlobal
